
Microsoft Visual Studio Solution File, Format Version 12.00
# Visual Studio Version 17
VisualStudioVersion = 17.0.31903.59
MinimumVisualStudioVersion = 10.0.40219.1
Project("{FAE04EC0-301F-11D3-BF4B-00C04F79EFBC}") = "Api.Minimal", "Api.Minimal\Api.Minimal.csproj", "{C578AC0B-6460-CFA7-4CA4-2D92AA9EA1B9}"
EndProject
Project("{FAE04EC0-301F-11D3-BF4B-00C04F79EFBC}") = "Api.Minimal.Books", "Api.Minimal.Models\Api.Minimal.Books.csproj", "{9BFD0968-72AA-DD31-D5D6-D40109542BB0}"
EndProject
Project("{FAE04EC0-301F-11D3-BF4B-00C04F79EFBC}") = "Api.Minimal.Tests", "Api.Minimal.Tests\Api.Minimal.Tests.csproj", "{652D4920-EBB0-6EC9-7E5F-ADAA0811EBEB}"
EndProject
Global
	GlobalSection(SolutionConfigurationPlatforms) = preSolution
		Debug|Any CPU = Debug|Any CPU
		Release|Any CPU = Release|Any CPU
	EndGlobalSection
	GlobalSection(ProjectConfigurationPlatforms) = postSolution
		{C578AC0B-6460-CFA7-4CA4-2D92AA9EA1B9}.Debug|Any CPU.ActiveCfg = Debug|Any CPU
		{C578AC0B-6460-CFA7-4CA4-2D92AA9EA1B9}.Debug|Any CPU.Build.0 = Debug|Any CPU
		{C578AC0B-6460-CFA7-4CA4-2D92AA9EA1B9}.Release|Any CPU.ActiveCfg = Release|Any CPU
		{C578AC0B-6460-CFA7-4CA4-2D92AA9EA1B9}.Release|Any CPU.Build.0 = Release|Any CPU
		{9BFD0968-72AA-DD31-D5D6-D40109542BB0}.Debug|Any CPU.ActiveCfg = Debug|Any CPU
		{9BFD0968-72AA-DD31-D5D6-D40109542BB0}.Debug|Any CPU.Build.0 = Debug|Any CPU
		{9BFD0968-72AA-DD31-D5D6-D40109542BB0}.Release|Any CPU.ActiveCfg = Release|Any CPU
		{9BFD0968-72AA-DD31-D5D6-D40109542BB0}.Release|Any CPU.Build.0 = Release|Any CPU
		{652D4920-EBB0-6EC9-7E5F-ADAA0811EBEB}.Debug|Any CPU.ActiveCfg = Debug|Any CPU
		{652D4920-EBB0-6EC9-7E5F-ADAA0811EBEB}.Debug|Any CPU.Build.0 = Debug|Any CPU
		{652D4920-EBB0-6EC9-7E5F-ADAA0811EBEB}.Release|Any CPU.ActiveCfg = Release|Any CPU
		{652D4920-EBB0-6EC9-7E5F-ADAA0811EBEB}.Release|Any CPU.Build.0 = Release|Any CPU
	EndGlobalSection
	GlobalSection(SolutionProperties) = preSolution
		HideSolutionNode = FALSE
	EndGlobalSection
	GlobalSection(ExtensibilityGlobals) = postSolution
		SolutionGuid = {D054C8C7-D38C-468F-A7E3-A18B59166B20}
	EndGlobalSection
EndGlobal
